
Microsoft Visual Studio Solution File, Format Version 12.00
# Visual Studio Version 16
VisualStudioVersion = 16.0.31321.278
MinimumVisualStudioVersion = 10.0.40219.1
Project("{FAE04EC0-301F-11D3-BF4B-00C04F79EFBC}") = "MatchGame", "MatchGame\MatchGame.csproj", "{6ED537F1-AEBD-429C-AA89-53D9A8CFFC66}"
EndProject
Global
	GlobalSection(SolutionConfigurationPlatforms) = preSolution
		Debug|Any CPU = Debug|Any CPU
		Release|Any CPU = Release|Any CPU
	EndGlobalSection
	GlobalSection(ProjectConfigurationPlatforms) = postSolution
		{6ED537F1-AEBD-429C-AA89-53D9A8CFFC66}.Debug|Any CPU.ActiveCfg = Debug|Any CPU
		{6ED537F1-AEBD-429C-AA89-53D9A8CFFC66}.Debug|Any CPU.Build.0 = Debug|Any CPU
		{6ED537F1-AEBD-429C-AA89-53D9A8CFFC66}.Release|Any CPU.ActiveCfg = Release|Any CPU
		{6ED537F1-AEBD-429C-AA89-53D9A8CFFC66}.Release|Any CPU.Build.0 = Release|Any CPU
	EndGlobalSection
	GlobalSection(SolutionProperties) = preSolution
		HideSolutionNode = FALSE
	EndGlobalSection
	GlobalSection(ExtensibilityGlobals) = postSolution
		SolutionGuid = {69FE240A-9D53-4118-9056-3EDD970BCD91}
	EndGlobalSection
EndGlobal
